{
  "name": "mcp-redhat-kb",
  "version": "1.0.0",
  "lockfileVersion": 3,
  "requires": true,
  "packages": {
    "": {
      "name": "mcp-redhat-kb",
      "version": "1.0.0",
      "license": "MIT",
      "bin": {
        "mcp-redhat-kb": "cli.js"
      },
      "engines": {
        "node": ">=22.0.0"
      }
    }
  }
}
